// !$*UTF8*$!
{
	archiveVersion = 1;
	classes = {
	};
	objectVersion = 48;
	objects = {

/* Begin PBXBuildFile section */
		4A25C637205FE54F00ED8418 /* AppDelegate.swift in Sources */ = {isa = PBXBuildFile; fileRef = 4A25C636205FE54F00ED8418 /* AppDelegate.swift */; };
		4A25C63E205FE54F00ED8418 /* Assets.xcassets in Resources */ = {isa = PBXBuildFile; fileRef = 4A25C63D205FE54F00ED8418 /* Assets.xcassets */; };
		4A25C641205FE54F00ED8418 /* LaunchScreen.storyboard in Resources */ = {isa = PBXBuildFile; fileRef = 4A25C63F205FE54F00ED8418 /* LaunchScreen.storyboard */; };
		4AD0284420667CE4004C9930 /* JiWonData.plist in Resources */ = {isa = PBXBuildFile; fileRef = 4AD0284320667CE4004C9930 /* JiWonData.plist */; };
		882B883D20B4225C00C9818F /* ViewController.swift in Sources */ = {isa = PBXBuildFile; fileRef = 882B883B20B4225C00C9818F /* ViewController.swift */; };
		882B884B20B422FE00C9818F /* Main.storyboard in Resources */ = {isa = PBXBuildFile; fileRef = 882B884A20B422FE00C9818F /* Main.storyboard */; };
		882B888920B4334D00C9818F /* JiWonVC2.swift in Sources */ = {isa = PBXBuildFile; fileRef = 882B888820B4334D00C9818F /* JiWonVC2.swift */; };
		88DDDF552145166500827B68 /* JiWonVC.swift in Sources */ = {isa = PBXBuildFile; fileRef = 88DDDF542145166500827B68 /* JiWonVC.swift */; };
/* End PBXBuildFile section */

/* Begin PBXFileReference section */
		4A25C633205FE54F00ED8418 /* TableView.app */ = {isa = PBXFileReference; explicitFileType = wrapper.application; includeInIndex = 0; path = TableView.app; sourceTree = BUILT_PRODUCTS_DIR; };
		4A25C636205FE54F00ED8418 /* AppDelegate.swift */ = {isa = PBXFileReference; lastKnownFileType = sourcecode.swift; path = AppDelegate.swift; sourceTree = "<group>"; };
		4A25C63D205FE54F00ED8418 /* Assets.xcassets */ = {isa = PBXFileReference; lastKnownFileType = folder.assetcatalog; path = Assets.xcassets; sourceTree = "<group>"; };
		4A25C640205FE54F00ED8418 /* Base */ = {isa = PBXFileReference; lastKnownFileType = file.storyboard; name = Base; path = Base.lproj/LaunchScreen.storyboard; sourceTree = "<group>"; };
		4A25C642205FE54F00ED8418 /* Info.plist */ = {isa = PBXFileReference; lastKnownFileType = text.plist.xml; path = Info.plist; sourceTree = "<group>"; };
		4AD0284320667CE4004C9930 /* JiWonData.plist */ = {isa = PBXFileReference; lastKnownFileType = text.plist.xml; path = JiWonData.plist; sourceTree = "<group>"; };
		882B883B20B4225C00C9818F /* ViewController.swift */ = {isa = PBXFileReference; fileEncoding = 4; lastKnownFileType = sourcecode.swift; name = ViewController.swift; path = "../../TableView-eng word/TableView/ViewController.swift"; sourceTree = "<group>"; };
		882B884020B422E400C9818F /* ViewController.swift */ = {isa = PBXFileReference; lastKnownFileType = sourcecode.swift; path = ViewController.swift; sourceTree = "<group>"; };
		882B884120B422E400C9818F /* JiWonVC.swift */ = {isa = PBXFileReference; lastKnownFileType = sourcecode.swift; path = JiWonVC.swift; sourceTree = "<group>"; };
		882B884220B422E400C9818F /* Assets.xcassets */ = {isa = PBXFileReference; lastKnownFileType = folder.assetcatalog; path = Assets.xcassets; sourceTree = "<group>"; };
		882B884420B422E400C9818F /* Base */ = {isa = PBXFileReference; lastKnownFileType = file.storyboard; name = Base; path = Base.lproj/LaunchScreen.storyboard; sourceTree = "<group>"; };
		882B884620B422E400C9818F /* Base */ = {isa = PBXFileReference; lastKnownFileType = file.storyboard; name = Base; path = Base.lproj/Main.storyboard; sourceTree = "<group>"; };
		882B884720B422E400C9818F /* JiWonData.plist */ = {isa = PBXFileReference; lastKnownFileType = text.plist.xml; path = JiWonData.plist; sourceTree = "<group>"; };
		882B884820B422E400C9818F /* AppDelegate.swift */ = {isa = PBXFileReference; lastKnownFileType = sourcecode.swift; path = AppDelegate.swift; sourceTree = "<group>"; };
		882B884920B422E400C9818F /* Info.plist */ = {isa = PBXFileReference; lastKnownFileType = text.plist.xml; path = Info.plist; sourceTree = "<group>"; };
		882B884A20B422FE00C9818F /* Main.storyboard */ = {isa = PBXFileReference; fileEncoding = 4; lastKnownFileType = file.storyboard; path = Main.storyboard; sourceTree = "<group>"; };
		882B888820B4334D00C9818F /* JiWonVC2.swift */ = {isa = PBXFileReference; lastKnownFileType = sourcecode.swift; path = JiWonVC2.swift; sourceTree = "<group>"; };
		88DDDF542145166500827B68 /* JiWonVC.swift */ = {isa = PBXFileReference; fileEncoding = 4; lastKnownFileType = sourcecode.swift; path = JiWonVC.swift; sourceTree = "<group>"; };
/* End PBXFileReference section */

/* Begin PBXFrameworksBuildPhase section */
		4A25C630205FE54F00ED8418 /* Frameworks */ = {
			isa = PBXFrameworksBuildPhase;
			buildActionMask = 2147483647;
			files = (
			);
			runOnlyForDeploymentPostprocessing = 0;
		};
/* End PBXFrameworksBuildPhase section */

/* Begin PBXGroup section */
		4A25C62A205FE54F00ED8418 = {
			isa = PBXGroup;
			children = (
				4A25C635205FE54F00ED8418 /* TableView */,
				4A25C634205FE54F00ED8418 /* Products */,
			);
			sourceTree = "<group>";
		};
		4A25C634205FE54F00ED8418 /* Products */ = {
			isa = PBXGroup;
			children = (
				4A25C633205FE54F00ED8418 /* TableView.app */,
			);
			name = Products;
			sourceTree = "<group>";
		};
		4A25C635205FE54F00ED8418 /* TableView */ = {
			isa = PBXGroup;
			children = (
				4A25C636205FE54F00ED8418 /* AppDelegate.swift */,
				882B883B20B4225C00C9818F /* ViewController.swift */,
				88DDDF542145166500827B68 /* JiWonVC.swift */,
				882B888820B4334D00C9818F /* JiWonVC2.swift */,
				882B884A20B422FE00C9818F /* Main.storyboard */,
				882B883F20B422E400C9818F /* TableView */,
				4A25C63D205FE54F00ED8418 /* Assets.xcassets */,
				4A25C63F205FE54F00ED8418 /* LaunchScreen.storyboard */,
				4A25C642205FE54F00ED8418 /* Info.plist */,
				4AD0284320667CE4004C9930 /* JiWonData.plist */,
			);
			path = TableView;
			sourceTree = "<group>";
		};
		882B883F20B422E400C9818F /* TableView */ = {
			isa = PBXGroup;
			children = (
				882B884020B422E400C9818F /* ViewController.swift */,
				882B884120B422E400C9818F /* JiWonVC.swift */,
				882B884220B422E400C9818F /* Assets.xcassets */,
				882B884320B422E400C9818F /* LaunchScreen.storyboard */,
				882B884520B422E400C9818F /* Main.storyboard */,
				882B884720B422E400C9818F /* JiWonData.plist */,
				882B884820B422E400C9818F /* AppDelegate.swift */,
				882B884920B422E400C9818F /* Info.plist */,
			);
			name = TableView;
			path = "../../TableView-eng word/TableView";
			sourceTree = "<group>";
		};
/* End PBXGroup section */

/* Begin PBXNativeTarget section */
		4A25C632205FE54F00ED8418 /* TableView */ = {
			isa = PBXNativeTarget;
			buildConfigurationList = 4A25C645205FE54F00ED8418 /* Build configuration list for PBXNativeTarget "TableView" */;
			buildPhases = (
				4A25C62F205FE54F00ED8418 /* Sources */,
				4A25C630205FE54F00ED8418 /* Frameworks */,
				4A25C631205FE54F00ED8418 /* Resources */,
			);
			buildRules = (
			);
			dependencies = (
			);
			name = TableView;
			productName = TableView;
			productReference = 4A25C633205FE54F00ED8418 /* TableView.app */;
			productType = "com.apple.product-type.application";
		};
/* End PBXNativeTarget section */

/* Begin PBXProject section */
		4A25C62B205FE54F00ED8418 /* Project object */ = {
			isa = PBXProject;
			attributes = {
				LastSwiftUpdateCheck = 0920;
				LastUpgradeCheck = 0930;
				ORGANIZATIONNAME = RecursiveSoft;
				TargetAttributes = {
					4A25C632205FE54F00ED8418 = {
						CreatedOnToolsVersion = 9.2;
						ProvisioningStyle = Automatic;
					};
				};
			};
			buildConfigurationList = 4A25C62E205FE54F00ED8418 /* Build configuration list for PBXProject "TableView" */;
			compatibilityVersion = "Xcode 8.0";
			developmentRegion = en;
			hasScannedForEncodings = 0;
			knownRegions = (
				en,
				Base,
			);
			mainGroup = 4A25C62A205FE54F00ED8418;
			productRefGroup = 4A25C634205FE54F00ED8418 /* Products */;
			projectDirPath = "";
			projectRoot = "";
			targets = (
				4A25C632205FE54F00ED8418 /* TableView */,
			);
		};
/* End PBXProject section */

/* Begin PBXResourcesBuildPhase section */
		4A25C631205FE54F00ED8418 /* Resources */ = {
			isa = PBXResourcesBuildPhase;
			buildActionMask = 2147483647;
			files = (
				4A25C641205FE54F00ED8418 /* LaunchScreen.storyboard in Resources */,
				4A25C63E205FE54F00ED8418 /* Assets.xcassets in Resources */,
				4AD0284420667CE4004C9930 /* JiWonData.plist in Resources */,
				882B884B20B422FE00C9818F /* Main.storyboard in Resources */,
			);
			runOnlyForDeploymentPostprocessing = 0;
		};
/* End PBXResourcesBuildPhase section */

/* Begin PBXSourcesBuildPhase section */
		4A25C62F205FE54F00ED8418 /* Sources */ = {
			isa = PBXSourcesBuildPhase;
			buildActionMask = 2147483647;
			files = (
				882B883D20B4225C00C9818F /* ViewController.swift in Sources */,
				4A25C637205FE54F00ED8418 /* AppDelegate.swift in Sources */,
				882B888920B4334D00C9818F /* JiWonVC2.swift in Sources */,
				88DDDF552145166500827B68 /* JiWonVC.swift in Sources */,
			);
			runOnlyForDeploymentPostprocessing = 0;
		};
/* End PBXSourcesBuildPhase section */

/* Begin PBXVariantGroup section */
		4A25C63F205FE54F00ED8418 /* LaunchScreen.storyboard */ = {
			isa = PBXVariantGroup;
			children = (
				4A25C640205FE54F00ED8418 /* Base */,
			);
			name = LaunchScreen.storyboard;
			sourceTree = "<group>";
		};
		882B884320B422E400C9818F /* LaunchScreen.storyboard */ = {
			isa = PBXVariantGroup;
			children = (
				882B884420B422E400C9818F /* Base */,
			);
			name = LaunchScreen.storyboard;
			sourceTree = "<group>";
		};
		882B884520B422E400C9818F /* Main.storyboard */ = {
			isa = PBXVariantGroup;
			children = (
				882B884620B422E400C9818F /* Base */,
			);
			name = Main.storyboard;
			sourceTree = "<group>";
		};
/* End PBXVariantGroup section */

/* Begin XCBuildConfiguration section */
		4A25C643205FE54F00ED8418 /* Debug */ = {
			isa = XCBuildConfiguration;
			buildSettings = {
				ALWAYS_SEARCH_USER_PATHS = NO;
				CLANG_ANALYZER_NONNULL = YES;
				CLANG_ANALYZER_NUMBER_OBJECT_CONVERSION = YES_AGGRESSIVE;
				CLANG_CXX_LANGUAGE_STANDARD = "gnu++14";
				CLANG_CXX_LIBRARY = "libc++";
				CLANG_ENABLE_MODULES = YES;
				CLANG_ENABLE_OBJC_ARC = YES;
				CLANG_WARN_BLOCK_CAPTURE_AUTORELEASING = YES;
				CLANG_WARN_BOOL_CONVERSION = YES;
				CLANG_WARN_COMMA = YES;
				CLANG_WARN_CONSTANT_CONVERSION = YES;
				CLANG_WARN_DEPRECATED_OBJC_IMPLEMENTATIONS = YES;
				CLANG_WARN_DIRECT_OBJC_ISA_USAGE = YES_ERROR;
				CLANG_WARN_DOCUMENTATION_COMMENTS = YES;
				CLANG_WARN_EMPTY_BODY = YES;
				CLANG_WARN_ENUM_CONVERSION = YES;
				CLANG_WARN_INFINITE_RECURSION = YES;
				CLANG_WARN_INT_CONVERSION = YES;
				CLANG_WARN_NON_LITERAL_NULL_CONVERSION = YES;
				CLANG_WARN_OBJC_IMPLICIT_RETAIN_SELF = YES;
				CLANG_WARN_OBJC_LITERAL_CONVERSION = YES;
				CLANG_WARN_OBJC_ROOT_CLASS = YES_ERROR;
				CLANG_WARN_RANGE_LOOP_ANALYSIS = YES;
				CLANG_WARN_STRICT_PROTOTYPES = YES;
				CLANG_WARN_SUSPICIOUS_MOVE = YES;
				CLANG_WARN_UNGUARDED_AVAILABILITY = YES_AGGRESSIVE;
				CLANG_WARN_UNREACHABLE_CODE = YES;
				CLANG_WARN__DUPLICATE_METHOD_MATCH = YES;
				CODE_SIGN_IDENTITY = "iPhone Developer";
				COPY_PHASE_STRIP = NO;
				DEBUG_INFORMATION_FORMAT = dwarf;
				ENABLE_STRICT_OBJC_MSGSEND = YES;
				ENABLE_TESTABILITY = YES;
				GCC_C_LANGUAGE_STANDARD = gnu11;
				GCC_DYNAMIC_NO_PIC = NO;
				GCC_NO_COMMON_BLOCKS = YES;
				GCC_OPTIMIZATION_LEVEL = 0;
				GCC_PREPROCESSOR_DEFINITIONS = (
					"DEBUG=1",
					"$(inherited)",
				);
				GCC_WARN_64_TO_32_BIT_CONVERSION = YES;
				GCC_WARN_ABOUT_RETURN_TYPE = YES_ERROR;
				GCC_WARN_UNDECLARED_SELECTOR = YES;
				GCC_WARN_UNINITIALIZED_AUTOS = YES_AGGRESSIVE;
				GCC_WARN_UNUSED_FUNCTION = YES;
				GCC_WARN_UNUSED_VARIABLE = YES;
				IPHONEOS_DEPLOYMENT_TARGET = 11.2;
				MTL_ENABLE_DEBUG_INFO = YES;
				ONLY_ACTIVE_ARCH = YES;
				SDKROOT = iphoneos;
				SWIFT_ACTIVE_COMPILATION_CONDITIONS = DEBUG;
				SWIFT_OPTIMIZATION_LEVEL = "-Onone";
			};
			name = Debug;
		};
		4A25C644205FE54F00ED8418 /* Release */ = {
			isa = XCBuildConfiguration;
			buildSettings = {
				ALWAYS_SEARCH_USER_PATHS = NO;
				CLANG_ANALYZER_NONNULL = YES;
				CLANG_ANALYZER_NUMBER_OBJECT_CONVERSION = YES_AGGRESSIVE;
				CLANG_CXX_LANGUAGE_STANDARD = "gnu++14";
				CLANG_CXX_LIBRARY = "libc++";
				CLANG_ENABLE_MODULES = YES;
				CLANG_ENABLE_OBJC_ARC = YES;
				CLANG_WARN_BLOCK_CAPTURE_AUTORELEASING = YES;
				CLANG_WARN_BOOL_CONVERSION = YES;
				CLANG_WARN_COMMA = YES;
				CLANG_WARN_CONSTANT_CONVERSION = YES;
				CLANG_WARN_DEPRECATED_OBJC_IMPLEMENTATIONS = YES;
				CLANG_WARN_DIRECT_OBJC_ISA_USAGE = YES_ERROR;
				CLANG_WARN_DOCUMENTATION_COMMENTS = YES;
				CLANG_WARN_EMPTY_BODY = YES;
				CLANG_WARN_ENUM_CONVERSION = YES;
				CLANG_WARN_INFINITE_RECURSION = YES;
				CLANG_WARN_INT_CONVERSION = YES;
				CLANG_WARN_NON_LITERAL_NULL_CONVERSION = YES;
				CLANG_WARN_OBJC_IMPLICIT_RETAIN_SELF = YES;
				CLANG_WARN_OBJC_LITERAL_CONVERSION = YES;
				CLANG_WARN_OBJC_ROOT_CLASS = YES_ERROR;
				CLANG_WARN_RANGE_LOOP_ANALYSIS = YES;
				CLANG_WARN_STRICT_PROTOTYPES = YES;
				CLANG_WARN_SUSPICIOUS_MOVE = YES;
				CLANG_WARN_UNGUARDED_AVAILABILITY = YES_AGGRESSIVE;
				CLANG_WARN_UNREACHABLE_CODE = YES;
				CLANG_WARN__DUPLICATE_METHOD_MATCH = YES;
				CODE_SIGN_IDENTITY = "iPhone Developer";
				COPY_PHASE_STRIP = NO;
				DEBUG_INFORMATION_FORMAT = "dwarf-with-dsym";
				ENABLE_NS_ASSERTIONS = NO;
				ENABLE_STRICT_OBJC_MSGSEND = YES;
				GCC_C_LANGUAGE_STANDARD = gnu11;
				GCC_NO_COMMON_BLOCKS = YES;
				GCC_WARN_64_TO_32_BIT_CONVERSION = YES;
				GCC_WARN_ABOUT_RETURN_TYPE = YES_ERROR;
				GCC_WARN_UNDECLARED_SELECTOR = YES;
				GCC_WARN_UNINITIALIZED_AUTOS = YES_AGGRESSIVE;
				GCC_WARN_UNUSED_FUNCTION = YES;
				GCC_WARN_UNUSED_VARIABLE = YES;
				IPHONEOS_DEPLOYMENT_TARGET = 11.2;
				MTL_ENABLE_DEBUG_INFO = NO;
				SDKROOT = iphoneos;
				SWIFT_OPTIMIZATION_LEVEL = "-Owholemodule";
				VALIDATE_PRODUCT = YES;
			};
			name = Release;
		};
		4A25C646205FE54F00ED8418 /* Debug */ = {
			isa = XCBuildConfiguration;
			buildSettings = {
				ASSETCATALOG_COMPILER_APPICON_NAME = AppIcon;
				CODE_SIGN_STYLE = Automatic;
				INFOPLIST_FILE = TableView/Info.plist;
				LD_RUNPATH_SEARCH_PATHS = "$(inherited) @executable_path/Frameworks";
				PRODUCT_BUNDLE_IDENTIFIER = com.recursivesoft.TableView;
				PRODUCT_NAME = "$(TARGET_NAME)";
				SWIFT_VERSION = 4.0;
				TARGETED_DEVICE_FAMILY = "1,2";
			};
			name = Debug;
		};
		4A25C647205FE54F00ED8418 /* Release */ = {
			isa = XCBuildConfiguration;
			buildSettings = {
				ASSETCATALOG_COMPILER_APPICON_NAME = AppIcon;
				CODE_SIGN_STYLE = Automatic;
				INFOPLIST_FILE = TableView/Info.plist;
				LD_RUNPATH_SEARCH_PATHS = "$(inherited) @executable_path/Frameworks";
				PRODUCT_BUNDLE_IDENTIFIER = com.recursivesoft.TableView;
				PRODUCT_NAME = "$(TARGET_NAME)";
				SWIFT_VERSION = 4.0;
				TARGETED_DEVICE_FAMILY = "1,2";
			};
			name = Release;
		};
/* End XCBuildConfiguration section */

/* Begin XCConfigurationList section */
		4A25C62E205FE54F00ED8418 /* Build configuration list for PBXProject "TableView" */ = {
			isa = XCConfigurationList;
			buildConfigurations = (
				4A25C643205FE54F00ED8418 /* Debug */,
				4A25C644205FE54F00ED8418 /* Release */,
			);
			defaultConfigurationIsVisible = 0;
			defaultConfigurationName = Release;
		};
		4A25C645205FE54F00ED8418 /* Build configuration list for PBXNativeTarget "TableView" */ = {
			isa = XCConfigurationList;
			buildConfigurations = (
				4A25C646205FE54F00ED8418 /* Debug */,
				4A25C647205FE54F00ED8418 /* Release */,
			);
			defaultConfigurationIsVisible = 0;
			defaultConfigurationName = Release;
		};
/* End XCConfigurationList section */
	};
	rootObject = 4A25C62B205FE54F00ED8418 /* Project object */;
}
